lockfileVersion: '9.0'

settings:
  autoInstallPeers: true
  excludeLinksFromLockfile: false

importers:

  .:
    dependencies:
      '@clack/prompts':
        specifier: ^0.7.0
        version: 0.7.0
      '@iarna/toml':
        specifier: ^2.2.5
        version: 2.2.5
      ansis:
        specifier: ^4.1.0
        version: 4.1.0
      aspipes:
        specifier: ^1.0.2
        version: 1.0.2
      big-varint:
        specifier: ^0.2.1
        version: 0.2.1
      d3-format:
        specifier: ^3.1.0
        version: 3.1.0
      execa:
        specifier: ^9.4.0
        version: 9.6.0
      exifr:
        specifier: ^7.1.3
        version: 7.1.3
      exifreader:
        specifier: ^4.23.3
        version: 4.31.2
      exiftool-vendored:
        specifier: ^27.0.0
        version: 27.0.0
      exit-hook:
        specifier: ^4.0.0
        version: 4.0.0
      fast-glob:
        specifier: ^3.3.3
        version: 3.3.3
      find-cache-directory:
        specifier: ^6.0.0
        version: 6.0.0
      fn-args:
        specifier: ^6.0.0
        version: 6.0.0
      glob:
        specifier: ^11.0.0
        version: 11.0.3
      guy:
        specifier: ^14.2.0
        version: 14.2.0
      guy-test:
        specifier: ^6.4.2
        version: 6.4.2
      guy-test-6.1.0:
        specifier: npm:guy-test@6.1.0
        version: guy-test@6.1.0(acorn-loose@8.5.2)(acorn-walk@8.3.4)(acorn@8.15.0)(astring@1.9.0)(chokidar@3.6.0)(dayjs@1.11.18)(tmp@0.2.5)
      hollerith-reference-1201:
        specifier: npm:hollerith@12.0.1
        version: hollerith@12.0.1
      intertype:
        specifier: ^203.2.0
        version: 203.2.0
      intertype-10.0.0:
        specifier: npm:intertype@10.0.0
        version: intertype@10.0.0(acorn-loose@8.5.2)(acorn-walk@8.3.4)(acorn@8.15.0)(astring@1.9.0)
      intertype-10.1.0:
        specifier: npm:intertype@10.1.0
        version: intertype@10.1.0(acorn-loose@8.5.2)(acorn-walk@8.3.4)(acorn@8.15.0)(astring@1.9.0)
      intertype-10.1.2:
        specifier: npm:intertype@10.1.2
        version: intertype@10.1.2(acorn-loose@8.5.2)(acorn-walk@8.3.4)(acorn@8.15.0)(astring@1.9.0)
      intertype-10.1.3:
        specifier: npm:intertype@10.1.3
        version: intertype@10.1.3(acorn-loose@8.5.2)(acorn-walk@8.3.4)(acorn@8.15.0)(astring@1.9.0)
      intertype-10.1.4:
        specifier: npm:intertype@10.1.4
        version: intertype@10.1.4(acorn-loose@8.5.2)(acorn-walk@8.3.4)(acorn@8.15.0)(astring@1.9.0)
      intertype-100.0.0:
        specifier: npm:intertype@100.0.0
        version: intertype@100.0.0(acorn-loose@8.5.2)(acorn-walk@8.3.4)(acorn@8.15.0)(astring@1.9.0)(chokidar@3.6.0)(dayjs@1.11.18)(tmp@0.2.5)
      intertype-100.0.1:
        specifier: npm:intertype@100.0.1
        version: intertype@100.0.1(acorn-loose@8.5.2)(acorn-walk@8.3.4)(acorn@8.15.0)(astring@1.9.0)(chokidar@3.6.0)(dayjs@1.11.18)(tmp@0.2.5)
      intertype-100.0.2:
        specifier: npm:intertype@100.0.2
        version: intertype@100.0.2(acorn-loose@8.5.2)(acorn-walk@8.3.4)(acorn@8.15.0)(astring@1.9.0)(chokidar@3.6.0)(dayjs@1.11.18)(tmp@0.2.5)
      intertype-100.0.3:
        specifier: npm:intertype@100.0.3
        version: intertype@100.0.3(acorn-loose@8.5.2)(acorn-walk@8.3.4)(acorn@8.15.0)(astring@1.9.0)(chokidar@3.6.0)(dayjs@1.11.18)(tmp@0.2.5)
      intertype-100.0.4:
        specifier: npm:intertype@100.0.4
        version: intertype@100.0.4
      intertype-201.0.0:
        specifier: npm:intertype@201.0.0
        version: intertype@201.0.0
      intertype-201.1.0:
        specifier: npm:intertype@201.1.0
        version: intertype@201.1.0
      intertype-202.0.0:
        specifier: npm:intertype@202.0.0
        version: intertype@202.0.0
      intertype-203.0.0:
        specifier: npm:intertype@203.0.0
        version: intertype@203.0.0
      lodash:
        specifier: ^4.17.21
        version: 4.17.21
      mkdirp:
        specifier: ^3.0.1
        version: 3.0.1
      mock-stdin:
        specifier: ^1.0.0
        version: 1.0.0
      path-type:
        specifier: ^6.0.0
        version: 6.0.0
      regex:
        specifier: ^6.0.1
        version: 6.0.1
      rope-sequence:
        specifier: ^1.3.4
        version: 1.3.4
      string-width:
        specifier: ^7.2.0
        version: 7.2.0
      strip-ansi:
        specifier: ^7.1.0
        version: 7.1.0
      unique-string:
        specifier: ^3.0.0
        version: 3.0.0
      varint:
        specifier: ^6.0.0
        version: 6.0.0
      wcstring:
        specifier: ^2.1.1
        version: 2.1.1
      wcwidth.js:
        specifier: ^2.0.0
        version: 2.0.0
      zx:
        specifier: ^8.1.9
        version: 8.8.1

packages:

  '@clack/core@0.3.5':
    resolution: {integrity: sha512-5cfhQNH+1VQ2xLQlmzXMqUoiaH0lRBq9/CLW9lTyMbuKLC3+xEK01tHVvyut++mLOn5urSHmkm6I0Lg9MaJSTQ==}

  '@clack/prompts@0.7.0':
    resolution: {integrity: sha512-0MhX9/B4iL6Re04jPrttDm+BsP8y6mS7byuv0BvXgdXhbV5PdlsHt55dvNsuBCPZ7xq1oTAOOuotR9NFbQyMSA==}
    bundledDependencies:
      - is-unicode-supported

  '@iarna/toml@2.2.5':
    resolution: {integrity: sha512-trnsAYxU3xnS1gPHPyU961coFyLkh4gAD/0zQ5mymY4yOZ+CYvsPqUbOFSw0aDM4y0tV7tiFxL/1XfXPNC6IPg==}

  '@isaacs/balanced-match@4.0.1':
    resolution: {integrity: sha512-yzMTt9lEb8Gv7zRioUilSglI0c0smZ9k5D65677DLWLtWJaXIS3CqcGyUFByYKlnUj6TkjLVs54fBl6+TiGQDQ==}
    engines: {node: 20 || >=22}

  '@isaacs/brace-expansion@5.0.0':
    resolution: {integrity: sha512-ZT55BDLV0yv0RBm2czMiZ+SqCGO7AvmOM3G/w2xhVPH+te0aKgFjmBvGlL1dH+ql2tgGO3MVrbb3jCKyvpgnxA==}
    engines: {node: 20 || >=22}

  '@isaacs/cliui@8.0.2':
    resolution: {integrity: sha512-O8jcjabXaleOG9DQ0+ARXWZBTfnP4WNAqzuiJK7ll44AmxGKv/J2M4TPjxjY3znBCfvBXFzucm1twdyFybFqEA==}
    engines: {node: '>=12'}

  '@nodelib/fs.scandir@2.1.5':
    resolution: {integrity: sha512-vq24Bq3ym5HEQm2NKCr3yXDwjc7vTsEThRDnkp2DK9p1uqLR+DHurm/NOTo0KG7HYHU7eppKZj3MyqYuMBf62g==}
    engines: {node: '>= 8'}

  '@nodelib/fs.stat@2.0.5':
    resolution: {integrity: sha512-RkhPPp2zrqDAQA/2jNhnztcPAlv64XdhIp7a7454A5ovI7Bukxgt7MX7udwAu3zg1DcpPU0rz3VV1SeaqvY4+A==}
    engines: {node: '>= 8'}

  '@nodelib/fs.walk@1.2.8':
    resolution: {integrity: sha512-oGB+UxlgWcgQkgwo8GcEGwemoTFt3FIO9ababBmaGwXIoBKZ+GTy0pP185beGg7Llih/NSHSV2XAs1lnznocSg==}
    engines: {node: '>= 8'}

  '@photostructure/tz-lookup@10.0.0':
    resolution: {integrity: sha512-8ZAjoj/irCuvUlyEinQ/HB6A8hP3bD1dgTOZvfl1b9nAwqniutFDHOQRcGM6Crea68bOwPj010f0Z4KkmuLHEA==}

  '@sec-ant/readable-stream@0.4.1':
    resolution: {integrity: sha512-831qok9r2t8AlxLko40y2ebgSDhenenCatLVeW/uBtnHPyhHOvG0C7TvfgecV+wHzIm5KUICgzmVpWS+IMEAeg==}

  '@sindresorhus/merge-streams@4.0.0':
    resolution: {integrity: sha512-tlqY9xq5ukxTUZBmoOp+m61cqwQD5pHJtFY3Mn8CA8ps6yghLH/Hw8UPdqg4OLmFW3IFlcXnQNmo/dh8HzXYIQ==}
    engines: {node: '>=18'}

  '@types/luxon@3.7.1':
    resolution: {integrity: sha512-H3iskjFIAn5SlJU7OuxUmTEpebK6TKB8rxZShDslBMZJ5u9S//KM1sbdAisiSrqwLQncVjnpi2OK2J51h+4lsg==}

  '@xmldom/xmldom@0.9.8':
    resolution: {integrity: sha512-p96FSY54r+WJ50FIOsCOjyj/wavs8921hG5+kVMmZgKcvIKxMXHTrjNJvRgWa/zuX3B6t2lijLNFaOyuxUH+2A==}
    engines: {node: '>=14.6'}

  acorn-loose@8.5.2:
    resolution: {integrity: sha512-PPvV6g8UGMGgjrMu+n/f9E/tCSkNQ2Y97eFvuVdJfG11+xdIeDcLyNdC8SHcrHbRqkfwLASdplyR6B6sKM1U4A==}
    engines: {node: '>=0.4.0'}

  acorn-walk@8.3.4:
    resolution: {integrity: sha512-ueEepnujpqee2o5aIYnvHU6C0A42MNdsIDeqy5BydrkuC5R1ZuUFnm27EeFJGoEHJQgn3uleRvmTXaJgfXbt4g==}
    engines: {node: '>=0.4.0'}

  acorn@8.15.0:
    resolution: {integrity: sha512-NZyJarBfL7nWwIq+FDL6Zp/yHEhePMNnnJ0y3qfieCrmNvYct8uvtiV41UvlSe6apAfk0fY1FbWx+NwfmpvtTg==}
    engines: {node: '>=0.4.0'}
    hasBin: true

  ansi-regex@5.0.1:
    resolution: {integrity: sha512-quJQXlTSUGL2LH9SUXo8VwsY4soanhgo6LNSm84E1LBcE8s3O0wpdiRzyR9z/ZZJMlMWv37qOOb9pdJlMUEKFQ==}
    engines: {node: '>=8'}

  ansi-regex@6.2.0:
    resolution: {integrity: sha512-TKY5pyBkHyADOPYlRT9Lx6F544mPl0vS5Ew7BJ45hA08Q+t3GjbueLliBWN3sMICk6+y7HdyxSzC4bWS8baBdg==}
    engines: {node: '>=12'}

  ansi-styles@4.3.0:
    resolution: {integrity: sha512-zbB9rCJAT1rbjiVDb2hqKFHNYLxgtk8NURxZ3IZwD3F6NtxbXZQCnnSi1Lkx+IDohdPlFp222wVALIheZJQSEg==}
    engines: {node: '>=8'}

  ansi-styles@6.2.1:
    resolution: {integrity: sha512-bN798gFfQX+viw3R7yrGWRqnrN2oRkEkUjjl4JNn4E8GxxbjtG3FbrEIIY3l8/hrwUwIeCZvi4QuOTP4MErVug==}
    engines: {node: '>=12'}

  ansis@4.1.0:
    resolution: {integrity: sha512-BGcItUBWSMRgOCe+SVZJ+S7yTRG0eGt9cXAHev72yuGcY23hnLA7Bky5L/xLyPINoSN95geovfBkqoTlNZYa7w==}
    engines: {node: '>=14'}

  anymatch@3.1.3:
    resolution: {integrity: sha512-KMReFUr0B4t+D+OBkjR3KYqvocp2XaSzO55UcB6mgQMd3KbcE+mWTyvVV7D/zsdEbNnV6acZUutkiHQXvTr1Rw==}
    engines: {node: '>= 8'}

  aspipes@1.0.2:
    resolution: {integrity: sha512-W9ctTxLrlQOG8LgUO9AhCId0RedalEW6wm7/MyBeC5jUvxe/tKTPVZIrrZmXS5KGjBf+kT6phQSqfO/rpBH9TA==}
    engines: {node: '>=18.0.0'}

  astring@1.9.0:
    resolution: {integrity: sha512-LElXdjswlqjWrPpJFg1Fx4wpkOCxj1TDHlSV4PlaRxHGWko024xICaa97ZkMfs6DRKlCguiAI+rbXv5GWwXIkg==}
    hasBin: true

  batch-cluster@13.0.0:
    resolution: {integrity: sha512-EreW0Vi8TwovhYUHBXXRA5tthuU2ynGsZFlboyMJHCCUXYa2AjgwnE3ubBOJs2xJLcuXFJbi6c/8pH5+FVj8Og==}
    engines: {node: '>=14'}

  big-varint@0.2.1:
    resolution: {integrity: sha512-5C/QY64XTTr+IncQ6fr5mH1+QuxZZUIjIgjZPnteLfOHeaHKTuLoajgVRgiL+XThCr339SFX+qjeVDfvaySeqw==}

  binary-extensions@2.3.0:
    resolution: {integrity: sha512-Ceh+7ox5qe7LJuLHoY0feh3pHuUDHAcRUeyL2VYghZwfpkNIy/+8Ocg0a3UuSoYzavmylwuLWQOf3hl0jjMMIw==}
    engines: {node: '>=8'}

  braces@3.0.3:
    resolution: {integrity: sha512-yQbXgO/OSZVD2IsiLlro+7Hf6Q18EJrKSEsdoMzKePKXct3gvD8oLcOQdIzGupr5Fj+EDe8gO/lxc1BzfMpxvA==}
    engines: {node: '>=8'}

  bricabrac-single-file-modules@0.14.0:
    resolution: {integrity: sha512-AIh+UYNCnCflQhFOiyoze8ggzSoDEeHsWBeVMwNfMyGi71GnKVoon9keoD7dhfrqprclo9T6fTjyxkNZEQ5qOw==}

  chokidar@3.6.0:
    resolution: {integrity: sha512-7VT13fmjotKpGipCW9JEQAusEPE+Ei8nl6/g4FBAmIm0GOOLMua9NDDo/DWp0ZAxCr3cPq5ZpBqmPAQgDda2Pw==}
    engines: {node: '>= 8.10.0'}

  cleartype@0.0.7:
    resolution: {integrity: sha512-RoPd7mvyF4K4BiWktnNhPUkIdVE0RoRmpkga3JJpc4TWkPFdy1gcU41gCog2Ot/PPzQWAPFXtcqC1316fAAuZg==}

  color-convert@2.0.1:
    resolution: {integrity: sha512-RRECPsj7iu/xb5oKYcsFHSppFNnsj/52OVTRKb4zP5onXwVF3zVmmToNcOfGC+CRDpfK/U584fMg38ZHCaElKQ==}
    engines: {node: '>=7.0.0'}

  color-name@1.1.4:
    resolution: {integrity: sha512-dOy+3AuW3a2wNbZHIuMZpTcgjGuLU/uBL/ubcZF9OXbDo8ff4O8yVp5Bf0efS8uEoYo5q4Fx7dY9OgQGXgAsQA==}

  common-path-prefix@3.0.0:
    resolution: {integrity: sha512-QE33hToZseCH3jS0qN96O/bSh3kaw/h+Tq7ngyY9eWDUnTlTNUyqfqvCXioLe5Na5jFsL78ra/wuBU4iuEgd4w==}

  cross-spawn@7.0.6:
    resolution: {integrity: sha512-uV2QOWP2nWzsy2aMp8aRibhi9dlzF5Hgh5SHaB9OiTGEyDTiJJyx0uy51QXdyWbtAHNua4XJzUKca3OzKUd3vA==}
    engines: {node: '>= 8'}

  crypto-random-string@4.0.0:
    resolution: {integrity: sha512-x8dy3RnvYdlUcPOjkEHqozhiwzKNSq7GcPuXFbnyMOCHxX8V3OgIg/pYuabl2sbUPfIJaeAQB7PMOK8DFIdoRA==}
    engines: {node: '>=12'}

  d3-format@3.1.0:
    resolution: {integrity: sha512-YyUI6AEuY/Wpt8KWLgZHsIU86atmikuoOmCfommt0LYHiQSPjvX2AcFc38PX0CBpr2RCyZhjex+NS/LPOv6YqA==}
    engines: {node: '>=12'}

  dayjs@1.11.18:
    resolution: {integrity: sha512-zFBQ7WFRvVRhKcWoUh+ZA1g2HVgUbsZm9sbddh8EC5iv93sui8DVVz1Npvz+r6meo9VKfa8NyLWBsQK1VvIKPA==}

  eastasianwidth@0.2.0:
    resolution: {integrity: sha512-I88TYZWc9XiYHRQ4/3c5rjjfgkjhLyW2luGIheGERbNQ6OY7yTybanSpDXZa8y7VUP9YmDcYa+eyq4ca7iLqWA==}

  emoji-regex@10.5.0:
    resolution: {integrity: sha512-lb49vf1Xzfx080OKA0o6l8DQQpV+6Vg95zyCJX9VB/BqKYlhG7N4wgROUUHRA+ZPUefLnteQOad7z1kT2bV7bg==}

  emoji-regex@8.0.0:
    resolution: {integrity: sha512-MSjYzcWNOA0ewAHpz0MxpYFvwg6yjy1NG3xteoqz644VCo/RPgnr1/GGt+ic3iJTzQ8Eu3TdM14SawnVUmGE6A==}

  emoji-regex@9.2.2:
    resolution: {integrity: sha512-L18DaJsXSUk2+42pv8mLs5jJT2hqFkFE4j21wOmgbUqsZ2hL72NsUU785g9RXgo3s0ZNgVl42TiHp3ZtOv/Vyg==}

  execa@9.6.0:
    resolution: {integrity: sha512-jpWzZ1ZhwUmeWRhS7Qv3mhpOhLfwI+uAX4e5fOcXqwMR7EcJ0pj2kV1CVzHVMX/LphnKWD3LObjZCoJ71lKpHw==}
    engines: {node: ^18.19.0 || >=20.5.0}

  exifr@7.1.3:
    resolution: {integrity: sha512-g/aje2noHivrRSLbAUtBPWFbxKdKhgj/xr1vATDdUXPOFYJlQ62Ft0oy+72V6XLIpDJfHs6gXLbBLAolqOXYRw==}

  exifreader@4.31.2:
    resolution: {integrity: sha512-1NwFxGzoVyDDXpT4pw/gqQ10domJPOJFQHNhw7I4/qJZq1Rln0OlE7bfZLTM1gfxahvVV/pe9Dvsscda8h+27g==}

  exiftool-vendored.exe@12.85.0:
    resolution: {integrity: sha512-rWsKVp9oXsS79S3bfCNXKeEo4av0xcd7slk/TfPpCa5pojg8ZVXSVfPZMAAlhOuK63YXrKN/e3jRNReeGP+2Gw==}
    os: [win32]

  exiftool-vendored.pl@12.85.0:
    resolution: {integrity: sha512-AelZQCCfl0a0g7PYx90TqbNGlSu2zDbRfCTjGw6bBBYnJF0NUfUWVhTpa8XGe2lHx1KYikH8AkJaey3esAxMAg==}
    os: ['!win32']

  exiftool-vendored@27.0.0:
    resolution: {integrity: sha512-/jHX8Jjadj0YJzpqnuBo1Yy2ln2hnRbBIc+3jcVOLQ6qhHEKsLRlfJ145Ghn7k/EcnfpDzVX3V8AUCTC8juTow==}
    deprecated: only the latest version is supported

  exit-hook@4.0.0:
    resolution: {integrity: sha512-Fqs7ChZm72y40wKjOFXBKg7nJZvQJmewP5/7LtePDdnah/+FH9Hp5sgMujSCMPXlxOAW2//1jrW9pnsY7o20vQ==}
    engines: {node: '>=18'}

  fast-glob@3.3.3:
    resolution: {integrity: sha512-7MptL8U0cqcFdzIzwOTHoilX9x5BrNqye7Z/LuC7kCMRio1EMSyqRK3BEAUD7sXRq4iT4AzTVuZdhgQ2TCvYLg==}
    engines: {node: '>=8.6.0'}

  fastq@1.19.1:
    resolution: {integrity: sha512-GwLTyxkCXjXbxqIhTsMI2Nui8huMPtnxg7krajPJAjnEG/iiOS7i+zCtWGZR9G0NBKbXKh6X9m9UIsYX/N6vvQ==}

  figures@6.1.0:
    resolution: {integrity: sha512-d+l3qxjSesT4V7v2fh+QnmFnUWv9lSpjarhShNTgBOfA0ttejbQUAlHLitbjkoRiDulW0OPoQPYIGhIC8ohejg==}
    engines: {node: '>=18'}

  fill-range@7.1.1:
    resolution: {integrity: sha512-YsGpe3WHLK8ZYi4tWDg2Jy3ebRz2rXowDxnld4bkQB00cc/1Zw9AWnC0i9ztDJitivtQvaI9KaLyKrc+hBW0yg==}
    engines: {node: '>=8'}

  find-cache-directory@6.0.0:
    resolution: {integrity: sha512-CvFd5ivA6HcSHbD+59P7CyzINHXzwhuQK8RY7CxJZtgDSAtRlHiCaQpZQ2lMR/WRyUIEmzUvL6G2AGurMfegZA==}
    engines: {node: '>=20'}

  find-up-simple@1.0.1:
    resolution: {integrity: sha512-afd4O7zpqHeRyg4PfDQsXmlDe2PfdHtJt6Akt8jOWaApLOZk5JXs6VMR29lz03pRe9mpykrRCYIYxaJYcfpncQ==}
    engines: {node: '>=18'}

  fn-args@6.0.0:
    resolution: {integrity: sha512-da4veZTtOBKQ+H0V4RRQzfIxxZzNGE0+0R0WrwCsOeHYGMhm4lM46Tfh8v3ihlHXd1z0hpySN2+B7US22YzmCw==}
    engines: {node: ^12.20.0 || ^14.13.1 || >=16.0.0}

  foreground-child@3.3.1:
    resolution: {integrity: sha512-gIXjKqtFuWEgzFRJA9WCQeSJLZDjgJUOMCMzxtvFq/37KojM1BFGufqsCy0r4qSQmYLsZYMeyRqzIWOMup03sw==}
    engines: {node: '>=14'}

  fsevents@2.3.3:
    resolution: {integrity: sha512-5xoDfX+fL7faATnagmWPpbFtwh/R77WmMMqqHGS65C3vvB0YHrgF+B1YmZ3441tMj5n63k0212XNoJwzlhffQw==}
    engines: {node: ^8.16.0 || ^10.6.0 || >=11.0.0}
    os: [darwin]

  get-east-asian-width@1.3.1:
    resolution: {integrity: sha512-R1QfovbPsKmosqTnPoRFiJ7CF9MLRgb53ChvMZm+r4p76/+8yKDy17qLL2PKInORy2RkZZekuK0efYgmzTkXyQ==}
    engines: {node: '>=18'}

  get-stream@9.0.1:
    resolution: {integrity: sha512-kVCxPF3vQM/N0B1PmoqVUqgHP+EeVjmZSQn+1oCRPxd2P21P2F19lIgbR3HBosbB1PUhOAoctJnfEn2GbN2eZA==}
    engines: {node: '>=18'}

  glob-parent@5.1.2:
    resolution: {integrity: sha512-AOIgSQCepiJYwP3ARnGx+5VnTu2HBYdzbGP45eLw1vr3zB3vZLeyed1sC9hnbcOc9/SrMyM5RPQrkGz4aS9Zow==}
    engines: {node: '>= 6'}

  glob@11.0.3:
    resolution: {integrity: sha512-2Nim7dha1KVkaiF4q6Dj+ngPPMdfvLJEOpZk/jKiUAkqKebpGAWQXAq9z1xu9HKu5lWfqw/FASuccEjyznjPaA==}
    engines: {node: 20 || >=22}
    hasBin: true

  guy-test@6.1.0:
    resolution: {integrity: sha512-h8E5OAMQd3J0+73KcTfyN4uB7tUJe4sC3f5Jh6efH6sw9mkMYgXiYEOM/HSipYWlcK7DblzfcugxvJTdcbmMCw==}

  guy-test@6.4.2:
    resolution: {integrity: sha512-v8yFHjXm9PIQKjJCPOEj/p0+LswQfJNsUs9yJr5o1sy/qeqUzRqIkbRykO423JzoAfk4Vq9NxauLVPxwd7hbCg==}

  guy@11.12.0:
    resolution: {integrity: sha512-lRYE5cZFTa1mNWtz2oTWxRWR8JUfGVb5kft0/rMxRYFh8zrffI+Zi5qwVGTL8G047qa8i/iNfAi/2MDc3Kufpg==}
    peerDependencies:
      acorn: ^8.7.1
      acorn-loose: ^8.3.0
      acorn-walk: ^8.2.0
      astring: ^1.8.3
      tmp: ^0.2.1

  guy@11.2.0:
    resolution: {integrity: sha512-Ao+D9dxR/Csyjfc34QQE3zLMt90cIC62ZekukSDG2JTrwCOg/mwRNkOkF/tfzSBumfGgAxqPD0YnCQsqoXIFUg==}
    peerDependencies:
      acorn: ^8.7.1
      acorn-loose: ^8.3.0
      acorn-walk: ^8.2.0
      astring: ^1.8.3

  guy@11.6.0:
    resolution: {integrity: sha512-oh9KwRWTwwnZXvVqIS7HCdJfAHd1aLF50s//vkxc1ZbMXrh7RfmXuVzKKwgh04WAxPWwdqn63kx+icWwdX94RQ==}
    peerDependencies:
      acorn: ^8.7.1
      acorn-loose: ^8.3.0
      acorn-walk: ^8.2.0
      astring: ^1.8.3

  guy@13.7.1:
    resolution: {integrity: sha512-3bO5ZfOjRtII5KwEHzx7aZ4LH6Q2vFWHmDP4qnEMKQw18KBKQeLyygkTHDF1kQVqb3slOgIJSsmPIcNudx0gDQ==}
    peerDependencies:
      acorn: ^8.7.1
      acorn-loose: ^8.3.0
      acorn-walk: ^8.2.0
      astring: ^1.8.3
      chokidar: ^3.5.3
      dayjs: ^1.11.7
      tmp: ^0.2.1

  guy@13.7.2:
    resolution: {integrity: sha512-esrCVHpVwfz65q1tHB/6Q5MpXwGQyrQx8pqpvzteCQAGz95fveQFuAlpqWoJ4b6QFk0atORzPRNj2d7+PoOiYQ==}
    peerDependencies:
      acorn: ^8.7.1
      acorn-loose: ^8.3.0
      acorn-walk: ^8.2.0
      astring: ^1.8.3
      chokidar: ^3.5.3
      dayjs: ^1.11.7
      tmp: ^0.2.1

  guy@14.2.0:
    resolution: {integrity: sha512-3b3TgmxfspcLULdJ4oOw8uD6hNnVJ4aFJnzoWSHigil+y1UGb3/otrrZcPDQaiL5LRzaJsRi/6AorNOf/F4VtA==}

  he@1.2.0:
    resolution: {integrity: sha512-F/1DnUGPopORZi0ni+CvrCgHQ5FyEAHRLSApuYWMmrbSwoN2Mn/7k+Gl38gJnR7yyDZk6WLXwiGod1JOWNDKGw==}
    hasBin: true

  hollerith@12.0.1:
    resolution: {integrity: sha512-QhHTmsD+VptznivgeHtuJsNUjurw8Dv/2LJ2WrQXk65eQ/9tAQeQ7UtXxsrvzoa4ppO2IUFI6n5r56bCkFKehA==}

  human-signals@8.0.1:
    resolution: {integrity: sha512-eKCa6bwnJhvxj14kZk5NCPc6Hb6BdsU9DZcOnmQKSnO1VKrfV0zCvtttPZUsBvjmNDn8rpcJfpwSYnHBjc95MQ==}
    engines: {node: '>=18.18.0'}

  interlex@0.13.1:
    resolution: {integrity: sha512-k/0Mawu5l6hhFXsQMs8GHXisDZ5DBMo81bIlgsoVVmH69aUu2Pgyp1LNHkweEJh9qJRiH6qkikLC+Sd3xKKTuw==}

  intertype-legacy@7.7.1:
    resolution: {integrity: sha512-Bj3k9bCu8vA6JLIvnCrJXOdkecgY5wtCmORclJ87uq22N53swREHT5bezSeK5TwcxgSJEDg2wEfcn4kNr9Qv8A==}

  intertype@0.114.0:
    resolution: {integrity: sha512-bGZHR4vHBjg7jai5Z2EqvhDcllBWD96UVD2bhOuI1ylZn909lomox/88Yl+mEZdxK8D367AfZsKf6VMXo3uArw==}

  intertype@0.119.1:
    resolution: {integrity: sha512-Mi9lHitUbNVn4p9/7FwutkW8fHwQlX0eTq9yC2SrVF2ymwDxb9xRNvMKkWIeEnwXly2TopuHgro8oBZ+WutaXA==}

  intertype@10.0.0:
    resolution: {integrity: sha512-/D7nbf9sKwR/Aeq/+vNH2e+JEVTtrtUALXg8MEcpDnKceBpQl98RqbSHKLZaQiMrwVBBN65RuwOY4WxV8JP12w==}

  intertype@10.1.0:
    resolution: {integrity: sha512-KsO8iYx31U1ApABuXWiJQsDQvsJvxJYh7laW78WiA8xs5rDxD6nq98LaMshdbstoksWGtxf4hda99l0DhhL/Hw==}

  intertype@10.1.2:
    resolution: {integrity: sha512-zMCP32DkDh2ZFsV0VGv2M3svFAKGDp64D+QIw9In0yvshfTtZGqe9u9L4Y4gCIbNWHPWVaronP0MaojaMcTh8w==}

  intertype@10.1.3:
    resolution: {integrity: sha512-eE5GLdueM+fNDP6ffH+v4S1MX6c518Zp+Ek0sqItyEZBxhaktmCt80Mwz3m6B7/SwqHz7E4BPIiNHZunTtL7BQ==}

  intertype@10.1.4:
    resolution: {integrity: sha512-X7DftTdWhfDQzJsTi3kDcHCqenMyGpNjZp2+kIf5t4nfNqj3NzaKMGLudT7TeDaqRxhXmlVok6b5Z/3I3OxuWg==}

  intertype@100.0.0:
    resolution: {integrity: sha512-VaTxNaqB4i90/ktOfj3ibeF9oR7hhsJhJ2ysfGkqOkYg3t0kCFMoK03wJLislgoKD3hModaWcLNALCdo98fYFA==}
    deprecated: '`intertype` is now part of `webguy`; run `pnpm add webguy` instead'

  intertype@100.0.1:
    resolution: {integrity: sha512-mFQXw6GmLfJnQmGhzWV1F/vJIpLT0Dy6DFAPlBSaA3F65ZWK7V3I4+MDXqWoNyp4pBIa8cskZZFb+9LsEHj68g==}
    deprecated: '`intertype` is now part of `webguy`; run `pnpm add webguy` instead'

  intertype@100.0.2:
    resolution: {integrity: sha512-6hZuHC7yjxrutuo4wcYbrMM5zmo96tBjc32EW8UH7W7oCyLfvKovHdxTIcK5GOXb5YfjqdiUEVD+uIMS82SSZg==}
    deprecated: '`intertype` is now part of `webguy`; run `pnpm add webguy` instead'

  intertype@100.0.3:
    resolution: {integrity: sha512-0zqRwBi5o50L8mWo+bAusBylhn6GCjWj7Dbs40Hn/wDswzm4xPHRpaY0T+d06IYPLBW+IpYlyaMwM/kVkxjD5Q==}
    deprecated: '`intertype` is now part of `webguy`; run `pnpm add webguy` instead'

  intertype@100.0.4:
    resolution: {integrity: sha512-lJYxPQvnZ+cz31R3iKiV2ywfvW7xIwYSQPCwwRjEvKXDyjabor97hf1bvOoOAEsuRMW/6yovMHUU78gKLjJ+Sg==}
    deprecated: '`intertype` is now part of `webguy`; run `pnpm add webguy` instead'

  intertype@201.0.0:
    resolution: {integrity: sha512-3xeNCDa1pZe5d2U+Xa7KP4Omz9kwG01G+YTrIGC/RpxvdpJM+qs6OpXux4vm2H+3l40VdFcYNmUjYXwMsKgLqA==}

  intertype@201.1.0:
    resolution: {integrity: sha512-wMSw5xUNBLZy3rMx3cZxrk0bETJwsk6xwtPyJOhk6AjvHp3+G7szcD+HMJZ3KzKGX9wBPvdKn9liVwKi6yuRaA==}

  intertype@202.0.0:
    resolution: {integrity: sha512-8GViliKwcgdJHpTlVHxsQVT1XYjK7CigfDEAankjdbOwEBukBlPo5r88BJYPptf/J+UssWYgciqe/M4LtiOOkQ==}

  intertype@203.0.0:
    resolution: {integrity: sha512-UzLQT/QOYxzxOTlEQZ/DhZqDdQMdwViST+0epT7Kqt1oo8e6Njr55HTdsbaElZ0Dh52eV3GtJZO4695fDR2DlA==}

  intertype@203.2.0:
    resolution: {integrity: sha512-vGHyhV6I9V9zyEmcYsQvC/mTRVc9Gqx07GACxzKHDGjHY8RZXUgfleMajC2V4vdP3l8+03r2hPlQ5HBCEaQ0Kg==}

  intertype@7.6.3:
    resolution: {integrity: sha512-77FmgaqGydWBc5OIde+geMj4+dGZ1i5UIFXM4C9QHiEIBjh+Gojycsb7XtRYYLNhNJepa+jotHXfAGPngHatzw==}

  intertype@7.6.5:
    resolution: {integrity: sha512-763YK3ezLYy9FkX+cTTg/qwGHteqlaTMiec9a2sVAKm7kXp9e7QkzbyYS6u4CcbLxx12L8bcRbe3SFsPeaJCMA==}

  intervoke@0.6.0:
    resolution: {integrity: sha512-gTf0UysOwoc7yvuf0bhkwx5xXMdbHhyKFO7LkZYhLNRxp06KcruXClS7YcGMCq9Ih78IEUbFChXzxSnU3wK4CA==}

  is-binary-path@2.1.0:
    resolution: {integrity: sha512-ZMERYes6pDydyuGidse7OsHxtbI7WVeUEozgR/g7rd0xUimYNlvZRE/K2MgZTjWy725IfelLeVcEM97mmtRGXw==}
    engines: {node: '>=8'}

  is-extglob@2.1.1:
    resolution: {integrity: sha512-SbKbANkN603Vi4jEZv49LeVJMn4yGwsbzZworEoyEiutsN3nJYdbO36zfhGJ6QEDpOZIFkDtnq5JRxmvl3jsoQ==}
    engines: {node: '>=0.10.0'}

  is-fullwidth-code-point@3.0.0:
    resolution: {integrity: sha512-zymm5+u+sCsSWyD9qNaejV3DFvhCKclKdizYaJUuHA83RLjb7nSuGnddCHGv0hk+KY7BMAlsWeK4Ueg6EV6XQg==}
    engines: {node: '>=8'}

  is-glob@4.0.3:
    resolution: {integrity: sha512-xelSayHH36ZgE7ZWhli7pW34hNbNl8Ojv5KVmkJD4hBdD3th8Tfk9vYasLM+mXWOZhFkgZfxhLSnrwRr4elSSg==}
    engines: {node: '>=0.10.0'}

  is-number@7.0.0:
    resolution: {integrity: sha512-41Cifkg6e8TylSpdtTpeLVMqvSBEVzTttHvERD741+pnZ8ANv0004MRL43QKPDlK9cGvNp6NZWZUBlbGXYxxng==}
    engines: {node: '>=0.12.0'}

  is-plain-obj@4.1.0:
    resolution: {integrity: sha512-+Pgi+vMuUNkJyExiMBt5IlFoMyKnr5zhJ4Uspz58WOhBF5QoIZkFyNHIbBAtHwzVAgk5RtndVNsDRN61/mmDqg==}
    engines: {node: '>=12'}

  is-stream@4.0.1:
    resolution: {integrity: sha512-Dnz92NInDqYckGEUJv689RbRiTSEHCQ7wOVeALbkOz999YpqT46yMRIGtSNl2iCL1waAZSx40+h59NV/EwzV/A==}
    engines: {node: '>=18'}

  is-unicode-supported@2.1.0:
    resolution: {integrity: sha512-mE00Gnza5EEB3Ds0HfMyllZzbBrmLOX3vfWoj9A9PEnTfratQ/BcaJOuMhnkhjXvb2+FkY3VuHqtAGpTPmglFQ==}
    engines: {node: '>=18'}

  isexe@2.0.0:
    resolution: {integrity: sha512-RHxMLp9lnKHGHRng9QFhRCMbYAcVpn69smSGcq3f36xjgVVWThj4qqLbTLlq7Ssj8B+fIQ1EuCEGI2lKsyQeIw==}

  jackspeak@4.1.1:
    resolution: {integrity: sha512-zptv57P3GpL+O0I7VdMJNBZCu+BPHVQUk55Ft8/QCJjTVxrnJHuVuX/0Bl2A6/+2oyR/ZMEuFKwmzqqZ/U5nPQ==}
    engines: {node: 20 || >=22}

  jfee@0.1.5:
    resolution: {integrity: sha512-v42H3sBFLTw2WDxLDe5Nsa/e9bcsZ8YBBuNtXQrbbOfRq+1qeL1bZiFuqIWkC+OPb+ZClB4XdCJO31/zwSrqxw==}

  letsfreezethat@3.1.0:
    resolution: {integrity: sha512-jJ1nvvQi6unW0WifjNPMIb64Byom0EXzSKWFYA++EpyjK3qv1J2pqeSoEJ61tGJoNG0GoNjPoeLYhxW16riZaA==}

  lodash@4.17.21:
    resolution: {integrity: sha512-v2kDEe57lecTulaDIuNTPy3Ry4gLGJ6Z1O3vE1krgXZNrsQ+LFTGHVxVjcXPs17LhbZVGedAJv8XZ1tvj5FvSg==}

  loupe@3.2.1:
    resolution: {integrity: sha512-CdzqowRJCeLU72bHvWqwRBBlLcMEtIvGrlvef74kMnV2AolS9Y8xUv1I0U/MNAWMhBlKIoyuEgoJ0t/bbwHbLQ==}

  lru-cache@11.2.1:
    resolution: {integrity: sha512-r8LA6i4LP4EeWOhqBaZZjDWwehd1xUJPCJd9Sv300H0ZmcUER4+JPh7bqqZeqs1o5pgtgvXm+d9UGrB5zZGDiQ==}
    engines: {node: 20 || >=22}

  luxon@3.7.2:
    resolution: {integrity: sha512-vtEhXh/gNjI9Yg1u4jX/0YVPMvxzHuGgCm6tC5kZyb08yjGWGnqAjGJvcXbqQR2P3MyMEFnRbpcdFS6PBcLqew==}
    engines: {node: '>=12'}

  merge2@1.4.1:
    resolution: {integrity: sha512-8q7VEgMJW4J8tcfVPy8g09NcQwZdbwFEqhe/WZkoIzjn/3TGDwtOCYtXGxA3O8tPzpczCCDgv+P2P5y00ZJOOg==}
    engines: {node: '>= 8'}

  micromatch@4.0.8:
    resolution: {integrity: sha512-PXwfBhYu0hBCPw8Dn0E+WDYb7af3dSLVWKi3HGv84IdF4TyFoC0ysxFd0Goxw7nSv4T/PzEJQxsYsEiFCKo2BA==}
    engines: {node: '>=8.6'}

  minimatch@10.0.3:
    resolution: {integrity: sha512-IPZ167aShDZZUMdRk66cyQAW3qr0WzbHkPdMYa8bzZhlHhO3jALbKdxcaak7W9FfT2rZNpQuUu4Od7ILEpXSaw==}
    engines: {node: 20 || >=22}

  minipass@7.1.2:
    resolution: {integrity: sha512-qOOzS1cBTWYF4BH8fVePDBOO9iptMnGUEZwNc/cMWnTV2nVLZ7VoNWEPHkYczZA0pdoA7dl6e7FL659nX9S2aw==}
    engines: {node: '>=16 || 14 >=14.17'}

  mkdirp@3.0.1:
    resolution: {integrity: sha512-+NsyUUAZDmo6YVHzL/stxSu3t9YS1iljliy3BSDrXJ/dkn1KYdmtZODGGjLcc9XLgVVpH4KshHB8XmZgMhaBXg==}
    engines: {node: '>=10'}
    hasBin: true

  mock-stdin@1.0.0:
    resolution: {integrity: sha512-tukRdb9Beu27t6dN+XztSRHq9J0B/CoAOySGzHfn8UTfmqipA5yNT/sDUEyYdAV3Hpka6Wx6kOMxuObdOex60Q==}

  moonriver@4.8.4:
    resolution: {integrity: sha512-2iQUiTZGtjU7Eh3sCJnlXUB9U/nRnQJnUV1qQZ3wrZJpT/8UJOE7m7vDyqVVhzXW1W0WNELdE0jH1P6SkJ6Edw==}

  multimix@5.0.0:
    resolution: {integrity: sha512-N9cdGSDDD7kxOV7R6e4iZqsHTZ4F4iiSDWqMcVqx4gEH6HBtRXav39Gj3fgT1YqvBcwPCQuf0Oa5R2cDaLWK8A==}

  normalize-function-arguments@0.0.11:
    resolution: {integrity: sha512-0YF49+WVwATNqQqzl42tAb3dwb4a++grXqIOnvF9H/Tf+xhRZ14pSVbyCHlznaMk4lRfxFTkNUKgZJZ7Wa4ADw==}

  normalize-path@3.0.0:
    resolution: {integrity: sha512-6eZs5Ls3WtCisHWp9S2GUy8dqkpGi4BVSz3GaqiE6ezub0512ESztXUwUB6C6IKbQkY2Pnb/mD4WYojCRwcwLA==}
    engines: {node: '>=0.10.0'}

  npm-run-path@6.0.0:
    resolution: {integrity: sha512-9qny7Z9DsQU8Ou39ERsPU4OZQlSTP47ShQzuKZ6PRXpYLtIFgl/DEBYEXKlvcEa+9tHVcK8CF81Y2V72qaZhWA==}
    engines: {node: '>=18'}

  package-json-from-dist@1.0.1:
    resolution: {integrity: sha512-UEZIS3/by4OC8vL3P2dTXRETpebLI2NiI5vIrjaD/5UtrkFX/tNbwjTSRAGC/+7CAo2pIcBaRgWmcBBHcsaCIw==}

  parse-ms@4.0.0:
    resolution: {integrity: sha512-TXfryirbmq34y8QBwgqCVLi+8oA3oWx2eAnSn62ITyEhEYaWRlVZ2DvMM9eZbMs/RfxPu/PK/aBLyGj4IrqMHw==}
    engines: {node: '>=18'}

  path-key@3.1.1:
    resolution: {integrity: sha512-ojmeN0qd+y0jszEtoY48r0Peq5dwMEkIlCOu6Q5f41lfkswXuKtYrhgoTpLnyIcHm24Uhqx+5Tqm2InSwLhE6Q==}
    engines: {node: '>=8'}

  path-key@4.0.0:
    resolution: {integrity: sha512-haREypq7xkM7ErfgIyA0z+Bj4AGKlMSdlQE2jvJo6huWD1EdkKYV+G/T4nq0YEF2vgTT8kqMFKo1uHn950r4SQ==}
    engines: {node: '>=12'}

  path-scurry@2.0.0:
    resolution: {integrity: sha512-ypGJsmGtdXUOeM5u93TyeIEfEhM6s+ljAhrk5vAvSx8uyY/02OvrZnA0YNGUrPXfpJMgI1ODd3nwz8Npx4O4cg==}
    engines: {node: 20 || >=22}

  path-type@6.0.0:
    resolution: {integrity: sha512-Vj7sf++t5pBD637NSfkxpHSMfWaeig5+DKWLhcqIYx6mWQz5hdJTGDVMQiJcw1ZYkhs7AazKDGpRVji1LJCZUQ==}
    engines: {node: '>=18'}

  picocolors@1.1.1:
    resolution: {integrity: sha512-xceH2snhtb5M9liqDsmEw56le376mTZkEX/jEb/RxNFyegNul7eNslCXP9FDj/Lcu0X8KEyMceP2ntpaHrDEVA==}

  picomatch@2.3.1:
    resolution: {integrity: sha512-JU3teHTNjmE2VCGFzuY8EXzCDVwEqB2a8fsIvwaStHhAWJEeVd1o1QD80CU6+ZdEXXSLbSsuLwJjkCBWqRQUVA==}
    engines: {node: '>=8.6'}

  pkg-dir@8.0.0:
    resolution: {integrity: sha512-4peoBq4Wks0riS0z8741NVv+/8IiTvqnZAr8QGgtdifrtpdXbNw/FxRS1l6NFqm4EMzuS0EDqNNx4XGaz8cuyQ==}
    engines: {node: '>=18'}

  pretty-ms@9.2.0:
    resolution: {integrity: sha512-4yf0QO/sllf/1zbZWYnvWw3NxCQwLXKzIj0G849LSufP15BXKM0rbD2Z3wVnkMfjdn/CB0Dpp444gYAACdsplg==}
    engines: {node: '>=18'}

  queue-microtask@1.2.3:
    resolution: {integrity: sha512-NuaNSa6flKT5JaSYQzJok04JzTL1CA6aGhv5rfLW3PgqA+M2ChpZQnAC8h8i4ZFkBS8X5RqkDBHA7r4hej3K9A==}

  readdirp@3.6.0:
    resolution: {integrity: sha512-hOS089on8RduqdbhvQ5Z37A0ESjsqz6qnRcffsMU3495FuTdqSm+7bhJ29JvIOsBDEEnan5DPu9t3To9VRlMzA==}
    engines: {node: '>=8.10.0'}

  regex-utilities@2.3.0:
    resolution: {integrity: sha512-8VhliFJAWRaUiVvREIiW2NXXTmHs4vMNnSzuJVhscgmGav3g9VDxLrQndI3dZZVVdp0ZO/5v0xmX516/7M9cng==}

  regex@6.0.1:
    resolution: {integrity: sha512-uorlqlzAKjKQZ5P+kTJr3eeJGSVroLKoHmquUj4zHWuR+hEyNqlXsSKlYYF5F4NI6nl7tWCs0apKJ0lmfsXAPA==}

  reusify@1.1.0:
    resolution: {integrity: sha512-g6QUff04oZpHs0eG5p83rFLhHeV00ug/Yf9nZM6fLeUrPguBTkTQOdpAWWspMh55TZfVQDPaN3NQJfbVRAxdIw==}
    engines: {iojs: '>=1.0.0', node: '>=0.10.0'}

  rfdc@1.4.1:
    resolution: {integrity: sha512-q1b3N5QkRUWUl7iyylaaj3kOpIT0N2i9MqIEQXP73GVsN9cw3fdx8X63cEmWhJGi2PPCF23Ijp7ktmd39rawIA==}

  rope-sequence@1.3.4:
    resolution: {integrity: sha512-UT5EDe2cu2E/6O4igUr5PSFs23nvvukicWHx6GnOPlHAiiYbzNuCRQCuiUdHJQcqKalLKlrYJnjY0ySGsXNQXQ==}

  run-parallel@1.2.0:
    resolution: {integrity: sha512-5l4VyZR86LZ/lDxZTR6jqL8AFE2S0IFLMP26AbjsLVADxHdhB/c0GUsH+y39UfCi3dzz8OlQuPmnaJOMoDHQBA==}

  shebang-command@2.0.0:
    resolution: {integrity: sha512-kHxr2zZpYtdmrN1qDjrrX/Z1rR1kG8Dx+gkpK1G4eXmvXswmcE1hTWBWYUzlraYw1/yZp6YuDY77YtvbN0dmDA==}
    engines: {node: '>=8'}

  shebang-regex@3.0.0:
    resolution: {integrity: sha512-7++dFhtcx3353uBaq8DDR4NuxBetBzC7ZQOhmTQInHEd6bSrXdiEyzCvG07Z44UYdLShWUyXt5M/yhz8ekcb1A==}
    engines: {node: '>=8'}

  signal-exit@4.1.0:
    resolution: {integrity: sha512-bzyZ1e88w9O1iNJbKnOlvYTrWPDl46O1bG0D3XInv+9tkPrxrN8jUUTiFlDkkmKWgn1M6CfIA13SuGqOa9Korw==}
    engines: {node: '>=14'}

  sisteransi@1.0.5:
    resolution: {integrity: sha512-bLGGlR1QxBcynn2d5YmDX4MGjlZvy2MRBDRNHLJ8VI6l6+9FUiyTFNJ0IveOSP0bcXgVDPRcfGqA0pjaqUpfVg==}

  string-width@4.2.3:
    resolution: {integrity: sha512-wKyQRQpjJ0sIp62ErSZdGsjMJWsap5oRNihHhu6G7JVO/9jIB6UyevL+tXuOqrng8j/cxKTWyWUwvSTriiZz/g==}
    engines: {node: '>=8'}

  string-width@5.1.2:
    resolution: {integrity: sha512-HnLOCR3vjcY8beoNLtcjZ5/nxn2afmME6lhrDrebokqMap+XbeW8n9TXpPDOqdGK5qcI3oT0GKTW6wC7EMiVqA==}
    engines: {node: '>=12'}

  string-width@7.2.0:
    resolution: {integrity: sha512-tsaTIkKW9b4N+AEj+SVA+WhJzV7/zMhcSu78mLKWSk7cXMOSHsBKFWUs0fWwq8QyK3MgJBQRX6Gbi4kYbdvGkQ==}
    engines: {node: '>=18'}

  strip-ansi@6.0.1:
    resolution: {integrity: sha512-Y38VPSHcqkFrCpFnQ9vuSXmquuv5oXOKpGeT6aGrr3o3Gc9AlVa6JBfUSOCnbxGGZF+/0ooI7KrPuUSztUdU5A==}
    engines: {node: '>=8'}

  strip-ansi@7.1.0:
    resolution: {integrity: sha512-iq6eVVI64nQQTRYq2KtEg2d2uU7LElhTJwsH4YzIHZshxlgZms/wIc4VoDQTlG/IvVIrBKG06CrZnp0qv7hkcQ==}
    engines: {node: '>=12'}

  strip-final-newline@4.0.0:
    resolution: {integrity: sha512-aulFJcD6YK8V1G7iRB5tigAP4TsHBZZrOV8pjV++zdUwmeV8uzbY7yn6h9MswN62adStNZFuCIx4haBnRuMDaw==}
    engines: {node: '>=18'}

  tmp@0.2.5:
    resolution: {integrity: sha512-voyz6MApa1rQGUxT3E+BK7/ROe8itEx7vD8/HEvt4xwXucvQ5G5oeEiHkmHZJuBO21RpOf+YYm9MOivj709jow==}
    engines: {node: '>=14.14'}

  to-regex-range@5.0.1:
    resolution: {integrity: sha512-65P7iz6X5yEr1cwcgvQxbbIw7Uk3gOy5dIdtZ4rDveLqhrdJP+Li/Hx6tyK0NEb+2GCyneCMJiGqrADCSNk8sQ==}
    engines: {node: '>=8.0'}

  to-width@1.2.1:
    resolution: {integrity: sha512-mF1efg3VwGv5vdJ6ek8PyJQ9eA6OaaNzDfwk4a5ldWKg6ld0Ic67BIYS1/ozFczPBD8P4T1ROd7ir/ojLIbuMw==}

  type-fest@1.4.0:
    resolution: {integrity: sha512-yGSza74xk0UG8k+pLh5oeoYirvIiWo5t0/o3zHHAO2tRDiZcxWP7fywNlXhqb6/r6sWvwi+RsyQMWhVLe4BVuA==}
    engines: {node: '>=10'}

  unicorn-magic@0.3.0:
    resolution: {integrity: sha512-+QBBXBCvifc56fsbuxZQ6Sic3wqqc3WWaqxs58gvJrcOuN83HGTCwz3oS5phzU9LthRNE9VrJCFCLUgHeeFnfA==}
    engines: {node: '>=18'}

  unique-string@3.0.0:
    resolution: {integrity: sha512-VGXBUVwxKMBUznyffQweQABPRRW1vHZAbadFZud4pLFAqRGvv/96vafgjWFqzourzr8YonlQiPgH0YCJfawoGQ==}
    engines: {node: '>=12'}

  varint@6.0.0:
    resolution: {integrity: sha512-cXEIW6cfr15lFv563k4GuVuW/fiwjknytD37jIOLSdSWuOI6WnO/oKwmP2FQTU2l01LP8/M5TSAJpzUaGe3uWg==}

  varsize-string@2.2.2:
    resolution: {integrity: sha512-Wuq8/cNzDSWYYQ1KlTk6IyGrRJOMU1YX21RSgEl3psbAGdExTBOIDWd80Z1n74A/24kStNT9QgylJHVjqgRpsQ==}

  wcsize@1.0.0:
    resolution: {integrity: sha512-80ziCk3Z+iLfhgAbMBMU+PjoSFi9dg0FIKYd9xRiF15wfwJlzxu1mdIUdIv9iE1gpkX/4hV2QBbkNlydXgEFMA==}

  wcstring@2.1.1:
    resolution: {integrity: sha512-81yoFUY/2Fw4RFzIkrlC47g7023/XkKofj62CNFT1kdZn6z7o2xhz8ffR7Wat76SuJTmrFNLmGDd7FLaZsIo5A==}

  wcwidth.js@2.0.0:
    resolution: {integrity: sha512-hUqARuCw/pZHnBrrc154Fbj60eZ0Z7MCAv1jrRXOL+44mwCJYdNDPfIYWcLqivMpQf1X08/bJ30nMiaQ6rVOgw==}
    engines: {node: '>=20.0.0'}

  webguy@5.2.1:
    resolution: {integrity: sha512-wI3/JPpQjcnsTjZbh+dtAt2ZbSvC2pIOhheiwg2YrUY65vZSRAIP/flTn8anMmvYWTMJjxGIqxC/NvDUob2cUg==}

  which@2.0.2:
    resolution: {integrity: sha512-BLI3Tl1TW3Pvl70l3yq3Y64i+awpwXqsGBYWkkqMtnbXgrMD+yj7rhW0kuEDxzJaYXGjEW5ogapKNMEKNMjibA==}
    engines: {node: '>= 8'}
    hasBin: true

  wrap-ansi@7.0.0:
    resolution: {integrity: sha512-YVGIj2kamLSTxw6NsZjoBxfSwsn0ycdesmc4p+Q21c5zPuZ1pl+NfxVdxPtdHvmNVOQ6XSYG4AUtyt/Fi7D16Q==}
    engines: {node: '>=10'}

  wrap-ansi@8.1.0:
    resolution: {integrity: sha512-si7QWI6zUMq56bESFvagtmzMdGOtoxfR+Sez11Mobfc7tm+VkUckk9bW2UeffTGVUbOksxmSw0AA2gs8g71NCQ==}
    engines: {node: '>=12'}

  yoctocolors@2.1.2:
    resolution: {integrity: sha512-CzhO+pFNo8ajLM2d2IW/R93ipy99LWjtwblvC1RsoSUMZgyLbYFr221TnSNT7GjGdYui6P459mw9JH/g/zW2ug==}
    engines: {node: '>=18'}

  zx@8.8.1:
    resolution: {integrity: sha512-qvsKBnvWHstHKCluKPlEgI/D3+mdiQyMoSSeFR8IX/aXzWIas5A297KxKgPJhuPXdrR6ma0Jzx43+GQ/8sqbrw==}
    engines: {node: '>= 12.17.0'}
    hasBin: true

snapshots:

  '@clack/core@0.3.5':
    dependencies:
      picocolors: 1.1.1
      sisteransi: 1.0.5

  '@clack/prompts@0.7.0':
    dependencies:
      '@clack/core': 0.3.5
      picocolors: 1.1.1
      sisteransi: 1.0.5

  '@iarna/toml@2.2.5': {}

  '@isaacs/balanced-match@4.0.1': {}

  '@isaacs/brace-expansion@5.0.0':
    dependencies:
      '@isaacs/balanced-match': 4.0.1

  '@isaacs/cliui@8.0.2':
    dependencies:
      string-width: 5.1.2
      string-width-cjs: string-width@4.2.3
      strip-ansi: 7.1.0
      strip-ansi-cjs: strip-ansi@6.0.1
      wrap-ansi: 8.1.0
      wrap-ansi-cjs: wrap-ansi@7.0.0

  '@nodelib/fs.scandir@2.1.5':
    dependencies:
      '@nodelib/fs.stat': 2.0.5
      run-parallel: 1.2.0

  '@nodelib/fs.stat@2.0.5': {}

  '@nodelib/fs.walk@1.2.8':
    dependencies:
      '@nodelib/fs.scandir': 2.1.5
      fastq: 1.19.1

  '@photostructure/tz-lookup@10.0.0': {}

  '@sec-ant/readable-stream@0.4.1': {}

  '@sindresorhus/merge-streams@4.0.0': {}

  '@types/luxon@3.7.1': {}

  '@xmldom/xmldom@0.9.8':
    optional: true

  acorn-loose@8.5.2:
    dependencies:
      acorn: 8.15.0

  acorn-walk@8.3.4:
    dependencies:
      acorn: 8.15.0

  acorn@8.15.0: {}

  ansi-regex@5.0.1: {}

  ansi-regex@6.2.0: {}

  ansi-styles@4.3.0:
    dependencies:
      color-convert: 2.0.1

  ansi-styles@6.2.1: {}

  ansis@4.1.0: {}

  anymatch@3.1.3:
    dependencies:
      normalize-path: 3.0.0
      picomatch: 2.3.1

  aspipes@1.0.2: {}

  astring@1.9.0: {}

  batch-cluster@13.0.0: {}

  big-varint@0.2.1: {}

  binary-extensions@2.3.0: {}

  braces@3.0.3:
    dependencies:
      fill-range: 7.1.1

  bricabrac-single-file-modules@0.14.0: {}

  chokidar@3.6.0:
    dependencies:
      anymatch: 3.1.3
      braces: 3.0.3
      glob-parent: 5.1.2
      is-binary-path: 2.1.0
      is-glob: 4.0.3
      normalize-path: 3.0.0
      readdirp: 3.6.0
    optionalDependencies:
      fsevents: 2.3.3

  cleartype@0.0.7:
    dependencies:
      loupe: 3.2.1

  color-convert@2.0.1:
    dependencies:
      color-name: 1.1.4

  color-name@1.1.4: {}

  common-path-prefix@3.0.0: {}

  cross-spawn@7.0.6:
    dependencies:
      path-key: 3.1.1
      shebang-command: 2.0.0
      which: 2.0.2

  crypto-random-string@4.0.0:
    dependencies:
      type-fest: 1.4.0

  d3-format@3.1.0: {}

  dayjs@1.11.18: {}

  eastasianwidth@0.2.0: {}

  emoji-regex@10.5.0: {}

  emoji-regex@8.0.0: {}

  emoji-regex@9.2.2: {}

  execa@9.6.0:
    dependencies:
      '@sindresorhus/merge-streams': 4.0.0
      cross-spawn: 7.0.6
      figures: 6.1.0
      get-stream: 9.0.1
      human-signals: 8.0.1
      is-plain-obj: 4.1.0
      is-stream: 4.0.1
      npm-run-path: 6.0.0
      pretty-ms: 9.2.0
      signal-exit: 4.1.0
      strip-final-newline: 4.0.0
      yoctocolors: 2.1.2

  exifr@7.1.3: {}

  exifreader@4.31.2:
    optionalDependencies:
      '@xmldom/xmldom': 0.9.8

  exiftool-vendored.exe@12.85.0:
    optional: true

  exiftool-vendored.pl@12.85.0:
    optional: true

  exiftool-vendored@27.0.0:
    dependencies:
      '@photostructure/tz-lookup': 10.0.0
      '@types/luxon': 3.7.1
      batch-cluster: 13.0.0
      he: 1.2.0
      luxon: 3.7.2
    optionalDependencies:
      exiftool-vendored.exe: 12.85.0
      exiftool-vendored.pl: 12.85.0

  exit-hook@4.0.0: {}

  fast-glob@3.3.3:
    dependencies:
      '@nodelib/fs.stat': 2.0.5
      '@nodelib/fs.walk': 1.2.8
      glob-parent: 5.1.2
      merge2: 1.4.1
      micromatch: 4.0.8

  fastq@1.19.1:
    dependencies:
      reusify: 1.1.0

  figures@6.1.0:
    dependencies:
      is-unicode-supported: 2.1.0

  fill-range@7.1.1:
    dependencies:
      to-regex-range: 5.0.1

  find-cache-directory@6.0.0:
    dependencies:
      common-path-prefix: 3.0.0
      pkg-dir: 8.0.0

  find-up-simple@1.0.1: {}

  fn-args@6.0.0: {}

  foreground-child@3.3.1:
    dependencies:
      cross-spawn: 7.0.6
      signal-exit: 4.1.0

  fsevents@2.3.3:
    optional: true

  get-east-asian-width@1.3.1: {}

  get-stream@9.0.1:
    dependencies:
      '@sec-ant/readable-stream': 0.4.1
      is-stream: 4.0.1

  glob-parent@5.1.2:
    dependencies:
      is-glob: 4.0.3

  glob@11.0.3:
    dependencies:
      foreground-child: 3.3.1
      jackspeak: 4.1.1
      minimatch: 10.0.3
      minipass: 7.1.2
      package-json-from-dist: 1.0.1
      path-scurry: 2.0.0

  guy-test@6.1.0(acorn-loose@8.5.2)(acorn-walk@8.3.4)(acorn@8.15.0)(astring@1.9.0)(chokidar@3.6.0)(dayjs@1.11.18)(tmp@0.2.5):
    dependencies:
      guy: 13.7.2(acorn-loose@8.5.2)(acorn-walk@8.3.4)(acorn@8.15.0)(astring@1.9.0)(chokidar@3.6.0)(dayjs@1.11.18)(tmp@0.2.5)
      intertype: 203.2.0
      to-width: 1.2.1
      webguy: 5.2.1
    transitivePeerDependencies:
      - acorn
      - acorn-loose
      - acorn-walk
      - astring
      - chokidar
      - dayjs
      - tmp

  guy-test@6.4.2:
    dependencies:
      guy: 14.2.0
      intertype: 203.2.0
      to-width: 1.2.1
      webguy: 5.2.1

  guy@11.12.0(acorn-loose@8.5.2)(acorn-walk@8.3.4)(acorn@8.15.0)(astring@1.9.0)(tmp@0.2.5):
    dependencies:
      acorn: 8.15.0
      acorn-loose: 8.5.2
      acorn-walk: 8.3.4
      astring: 1.9.0
      intertype-legacy: 7.7.1
      letsfreezethat: 3.1.0
      tmp: 0.2.5

  guy@11.2.0(acorn-loose@8.5.2)(acorn-walk@8.3.4)(acorn@8.15.0)(astring@1.9.0):
    dependencies:
      acorn: 8.15.0
      acorn-loose: 8.5.2
      acorn-walk: 8.3.4
      astring: 1.9.0
      intertype-legacy: 7.7.1
      letsfreezethat: 3.1.0

  guy@11.6.0(acorn-loose@8.5.2)(acorn-walk@8.3.4)(acorn@8.15.0)(astring@1.9.0):
    dependencies:
      acorn: 8.15.0
      acorn-loose: 8.5.2
      acorn-walk: 8.3.4
      astring: 1.9.0
      intertype-legacy: 7.7.1
      letsfreezethat: 3.1.0

  guy@13.7.1(acorn-loose@8.5.2)(acorn-walk@8.3.4)(acorn@8.15.0)(astring@1.9.0)(chokidar@3.6.0)(dayjs@1.11.18)(tmp@0.2.5):
    dependencies:
      acorn: 8.15.0
      acorn-loose: 8.5.2
      acorn-walk: 8.3.4
      astring: 1.9.0
      chokidar: 3.6.0
      dayjs: 1.11.18
      intertype-legacy: 7.7.1
      letsfreezethat: 3.1.0
      tmp: 0.2.5

  guy@13.7.2(acorn-loose@8.5.2)(acorn-walk@8.3.4)(acorn@8.15.0)(astring@1.9.0)(chokidar@3.6.0)(dayjs@1.11.18)(tmp@0.2.5):
    dependencies:
      acorn: 8.15.0
      acorn-loose: 8.5.2
      acorn-walk: 8.3.4
      astring: 1.9.0
      chokidar: 3.6.0
      dayjs: 1.11.18
      intertype-legacy: 7.7.1
      letsfreezethat: 3.1.0
      tmp: 0.2.5

  guy@14.2.0:
    dependencies:
      intertype-legacy: 7.7.1

  he@1.2.0: {}

  hollerith@12.0.1:
    dependencies:
      bricabrac-single-file-modules: 0.14.0
      interlex: 0.13.1
      regex: 6.0.1

  human-signals@8.0.1: {}

  interlex@0.13.1:
    dependencies:
      cleartype: 0.0.7
      loupe: 3.2.1
      normalize-function-arguments: 0.0.11
      regex: 6.0.1

  intertype-legacy@7.7.1:
    dependencies:
      multimix: 5.0.0

  intertype@0.114.0(acorn-loose@8.5.2)(acorn-walk@8.3.4)(acorn@8.15.0)(astring@1.9.0)(tmp@0.2.5):
    dependencies:
      guy: 11.12.0(acorn-loose@8.5.2)(acorn-walk@8.3.4)(acorn@8.15.0)(astring@1.9.0)(tmp@0.2.5)
      intertype-legacy: 7.7.1
      rfdc: 1.4.1
      to-width: 1.2.1
    transitivePeerDependencies:
      - acorn
      - acorn-loose
      - acorn-walk
      - astring
      - tmp

  intertype@0.119.1(acorn-loose@8.5.2)(acorn-walk@8.3.4)(acorn@8.15.0)(astring@1.9.0)(tmp@0.2.5):
    dependencies:
      guy: 11.12.0(acorn-loose@8.5.2)(acorn-walk@8.3.4)(acorn@8.15.0)(astring@1.9.0)(tmp@0.2.5)
      intertype-legacy: 7.7.1
      rfdc: 1.4.1
      to-width: 1.2.1
    transitivePeerDependencies:
      - acorn
      - acorn-loose
      - acorn-walk
      - astring
      - tmp

  intertype@10.0.0(acorn-loose@8.5.2)(acorn-walk@8.3.4)(acorn@8.15.0)(astring@1.9.0):
    dependencies:
      guy: 11.2.0(acorn-loose@8.5.2)(acorn-walk@8.3.4)(acorn@8.15.0)(astring@1.9.0)
      intertype-legacy: 7.7.1
      to-width: 1.2.1
    transitivePeerDependencies:
      - acorn
      - acorn-loose
      - acorn-walk
      - astring

  intertype@10.1.0(acorn-loose@8.5.2)(acorn-walk@8.3.4)(acorn@8.15.0)(astring@1.9.0):
    dependencies:
      guy: 11.6.0(acorn-loose@8.5.2)(acorn-walk@8.3.4)(acorn@8.15.0)(astring@1.9.0)
      intertype-legacy: 7.7.1
      to-width: 1.2.1
    transitivePeerDependencies:
      - acorn
      - acorn-loose
      - acorn-walk
      - astring

  intertype@10.1.2(acorn-loose@8.5.2)(acorn-walk@8.3.4)(acorn@8.15.0)(astring@1.9.0):
    dependencies:
      guy: 11.6.0(acorn-loose@8.5.2)(acorn-walk@8.3.4)(acorn@8.15.0)(astring@1.9.0)
      intertype-legacy: 7.7.1
      rfdc: 1.4.1
      to-width: 1.2.1
    transitivePeerDependencies:
      - acorn
      - acorn-loose
      - acorn-walk
      - astring

  intertype@10.1.3(acorn-loose@8.5.2)(acorn-walk@8.3.4)(acorn@8.15.0)(astring@1.9.0):
    dependencies:
      guy: 11.6.0(acorn-loose@8.5.2)(acorn-walk@8.3.4)(acorn@8.15.0)(astring@1.9.0)
      intertype-legacy: 7.7.1
      rfdc: 1.4.1
      to-width: 1.2.1
    transitivePeerDependencies:
      - acorn
      - acorn-loose
      - acorn-walk
      - astring

  intertype@10.1.4(acorn-loose@8.5.2)(acorn-walk@8.3.4)(acorn@8.15.0)(astring@1.9.0):
    dependencies:
      guy: 11.6.0(acorn-loose@8.5.2)(acorn-walk@8.3.4)(acorn@8.15.0)(astring@1.9.0)
      intertype-legacy: 7.7.1
      rfdc: 1.4.1
      to-width: 1.2.1
    transitivePeerDependencies:
      - acorn
      - acorn-loose
      - acorn-walk
      - astring

  intertype@100.0.0(acorn-loose@8.5.2)(acorn-walk@8.3.4)(acorn@8.15.0)(astring@1.9.0)(chokidar@3.6.0)(dayjs@1.11.18)(tmp@0.2.5):
    dependencies:
      intervoke: 0.6.0(acorn-loose@8.5.2)(acorn-walk@8.3.4)(acorn@8.15.0)(astring@1.9.0)(chokidar@3.6.0)(dayjs@1.11.18)(tmp@0.2.5)
      rfdc: 1.4.1
    transitivePeerDependencies:
      - acorn
      - acorn-loose
      - acorn-walk
      - astring
      - chokidar
      - dayjs
      - tmp

  intertype@100.0.1(acorn-loose@8.5.2)(acorn-walk@8.3.4)(acorn@8.15.0)(astring@1.9.0)(chokidar@3.6.0)(dayjs@1.11.18)(tmp@0.2.5):
    dependencies:
      intervoke: 0.6.0(acorn-loose@8.5.2)(acorn-walk@8.3.4)(acorn@8.15.0)(astring@1.9.0)(chokidar@3.6.0)(dayjs@1.11.18)(tmp@0.2.5)
      rfdc: 1.4.1
    transitivePeerDependencies:
      - acorn
      - acorn-loose
      - acorn-walk
      - astring
      - chokidar
      - dayjs
      - tmp

  intertype@100.0.2(acorn-loose@8.5.2)(acorn-walk@8.3.4)(acorn@8.15.0)(astring@1.9.0)(chokidar@3.6.0)(dayjs@1.11.18)(tmp@0.2.5):
    dependencies:
      intervoke: 0.6.0(acorn-loose@8.5.2)(acorn-walk@8.3.4)(acorn@8.15.0)(astring@1.9.0)(chokidar@3.6.0)(dayjs@1.11.18)(tmp@0.2.5)
      rfdc: 1.4.1
    transitivePeerDependencies:
      - acorn
      - acorn-loose
      - acorn-walk
      - astring
      - chokidar
      - dayjs
      - tmp

  intertype@100.0.3(acorn-loose@8.5.2)(acorn-walk@8.3.4)(acorn@8.15.0)(astring@1.9.0)(chokidar@3.6.0)(dayjs@1.11.18)(tmp@0.2.5):
    dependencies:
      intervoke: 0.6.0(acorn-loose@8.5.2)(acorn-walk@8.3.4)(acorn@8.15.0)(astring@1.9.0)(chokidar@3.6.0)(dayjs@1.11.18)(tmp@0.2.5)
      rfdc: 1.4.1
    transitivePeerDependencies:
      - acorn
      - acorn-loose
      - acorn-walk
      - astring
      - chokidar
      - dayjs
      - tmp

  intertype@100.0.4: {}

  intertype@201.0.0:
    dependencies:
      webguy: 5.2.1

  intertype@201.1.0:
    dependencies:
      webguy: 5.2.1

  intertype@202.0.0:
    dependencies:
      webguy: 5.2.1

  intertype@203.0.0:
    dependencies:
      webguy: 5.2.1

  intertype@203.2.0:
    dependencies:
      webguy: 5.2.1

  intertype@7.6.3:
    dependencies:
      multimix: 5.0.0

  intertype@7.6.5:
    dependencies:
      multimix: 5.0.0

  intervoke@0.6.0(acorn-loose@8.5.2)(acorn-walk@8.3.4)(acorn@8.15.0)(astring@1.9.0)(chokidar@3.6.0)(dayjs@1.11.18)(tmp@0.2.5):
    dependencies:
      guy: 13.7.2(acorn-loose@8.5.2)(acorn-walk@8.3.4)(acorn@8.15.0)(astring@1.9.0)(chokidar@3.6.0)(dayjs@1.11.18)(tmp@0.2.5)
      intertype: 0.119.1(acorn-loose@8.5.2)(acorn-walk@8.3.4)(acorn@8.15.0)(astring@1.9.0)(tmp@0.2.5)
      moonriver: 4.8.4(acorn-loose@8.5.2)(acorn-walk@8.3.4)(acorn@8.15.0)(astring@1.9.0)(chokidar@3.6.0)(dayjs@1.11.18)(tmp@0.2.5)
    transitivePeerDependencies:
      - acorn
      - acorn-loose
      - acorn-walk
      - astring
      - chokidar
      - dayjs
      - tmp

  is-binary-path@2.1.0:
    dependencies:
      binary-extensions: 2.3.0

  is-extglob@2.1.1: {}

  is-fullwidth-code-point@3.0.0: {}

  is-glob@4.0.3:
    dependencies:
      is-extglob: 2.1.1

  is-number@7.0.0: {}

  is-plain-obj@4.1.0: {}

  is-stream@4.0.1: {}

  is-unicode-supported@2.1.0: {}

  isexe@2.0.0: {}

  jackspeak@4.1.1:
    dependencies:
      '@isaacs/cliui': 8.0.2

  jfee@0.1.5:
    dependencies:
      intertype: 7.6.5

  letsfreezethat@3.1.0: {}

  lodash@4.17.21: {}

  loupe@3.2.1: {}

  lru-cache@11.2.1: {}

  luxon@3.7.2: {}

  merge2@1.4.1: {}

  micromatch@4.0.8:
    dependencies:
      braces: 3.0.3
      picomatch: 2.3.1

  minimatch@10.0.3:
    dependencies:
      '@isaacs/brace-expansion': 5.0.0

  minipass@7.1.2: {}

  mkdirp@3.0.1: {}

  mock-stdin@1.0.0: {}

  moonriver@4.8.4(acorn-loose@8.5.2)(acorn-walk@8.3.4)(acorn@8.15.0)(astring@1.9.0)(chokidar@3.6.0)(dayjs@1.11.18)(tmp@0.2.5):
    dependencies:
      guy: 13.7.1(acorn-loose@8.5.2)(acorn-walk@8.3.4)(acorn@8.15.0)(astring@1.9.0)(chokidar@3.6.0)(dayjs@1.11.18)(tmp@0.2.5)
      intertype: 0.114.0(acorn-loose@8.5.2)(acorn-walk@8.3.4)(acorn@8.15.0)(astring@1.9.0)(tmp@0.2.5)
      jfee: 0.1.5
    transitivePeerDependencies:
      - acorn
      - acorn-loose
      - acorn-walk
      - astring
      - chokidar
      - dayjs
      - tmp

  multimix@5.0.0: {}

  normalize-function-arguments@0.0.11:
    dependencies:
      loupe: 3.2.1

  normalize-path@3.0.0: {}

  npm-run-path@6.0.0:
    dependencies:
      path-key: 4.0.0
      unicorn-magic: 0.3.0

  package-json-from-dist@1.0.1: {}

  parse-ms@4.0.0: {}

  path-key@3.1.1: {}

  path-key@4.0.0: {}

  path-scurry@2.0.0:
    dependencies:
      lru-cache: 11.2.1
      minipass: 7.1.2

  path-type@6.0.0: {}

  picocolors@1.1.1: {}

  picomatch@2.3.1: {}

  pkg-dir@8.0.0:
    dependencies:
      find-up-simple: 1.0.1

  pretty-ms@9.2.0:
    dependencies:
      parse-ms: 4.0.0

  queue-microtask@1.2.3: {}

  readdirp@3.6.0:
    dependencies:
      picomatch: 2.3.1

  regex-utilities@2.3.0: {}

  regex@6.0.1:
    dependencies:
      regex-utilities: 2.3.0

  reusify@1.1.0: {}

  rfdc@1.4.1: {}

  rope-sequence@1.3.4: {}

  run-parallel@1.2.0:
    dependencies:
      queue-microtask: 1.2.3

  shebang-command@2.0.0:
    dependencies:
      shebang-regex: 3.0.0

  shebang-regex@3.0.0: {}

  signal-exit@4.1.0: {}

  sisteransi@1.0.5: {}

  string-width@4.2.3:
    dependencies:
      emoji-regex: 8.0.0
      is-fullwidth-code-point: 3.0.0
      strip-ansi: 6.0.1

  string-width@5.1.2:
    dependencies:
      eastasianwidth: 0.2.0
      emoji-regex: 9.2.2
      strip-ansi: 7.1.0

  string-width@7.2.0:
    dependencies:
      emoji-regex: 10.5.0
      get-east-asian-width: 1.3.1
      strip-ansi: 7.1.0

  strip-ansi@6.0.1:
    dependencies:
      ansi-regex: 5.0.1

  strip-ansi@7.1.0:
    dependencies:
      ansi-regex: 6.2.0

  strip-final-newline@4.0.0: {}

  tmp@0.2.5: {}

  to-regex-range@5.0.1:
    dependencies:
      is-number: 7.0.0

  to-width@1.2.1:
    dependencies:
      string-width: 7.2.0
      wcstring: 2.1.1

  type-fest@1.4.0: {}

  unicorn-magic@0.3.0: {}

  unique-string@3.0.0:
    dependencies:
      crypto-random-string: 4.0.0

  varint@6.0.0: {}

  varsize-string@2.2.2: {}

  wcsize@1.0.0: {}

  wcstring@2.1.1:
    dependencies:
      varsize-string: 2.2.2
      wcsize: 1.0.0

  wcwidth.js@2.0.0: {}

  webguy@5.2.1:
    dependencies:
      dayjs: 1.11.18
      intertype: 7.6.3

  which@2.0.2:
    dependencies:
      isexe: 2.0.0

  wrap-ansi@7.0.0:
    dependencies:
      ansi-styles: 4.3.0
      string-width: 4.2.3
      strip-ansi: 6.0.1

  wrap-ansi@8.1.0:
    dependencies:
      ansi-styles: 6.2.1
      string-width: 5.1.2
      strip-ansi: 7.1.0

  yoctocolors@2.1.2: {}

  zx@8.8.1: {}
